
Microsoft Visual Studio Solution File, Format Version 12.00
# Visual Studio 2013
VisualStudioVersion = 12.0.31101.0
MinimumVisualStudioVersion = 10.0.40219.1
Project("{9092AA53-FB77-4645-B42D-1CCCA6BD08BD}") = "sign", "sign\sign.njsproj", "{93A99353-34B5-47FA-87C9-63D274E18909}"
EndProject
Project("{9092AA53-FB77-4645-B42D-1CCCA6BD08BD}") = "confirm", "register\confirm.njsproj", "{5EB568AA-EC9C-4630-BF5A-1BD0CA06294C}"
EndProject
Project("{9092AA53-FB77-4645-B42D-1CCCA6BD08BD}") = "image", "image\image.njsproj", "{1AC923EE-DC27-4344-B26C-FB6504EF667D}"
EndProject
Project("{9092AA53-FB77-4645-B42D-1CCCA6BD08BD}") = "notify", "notify\notify.njsproj", "{9094601C-FF48-417F-95BB-697CC7D27CA2}"
EndProject
Project("{9092AA53-FB77-4645-B42D-1CCCA6BD08BD}") = "delete", "delete\delete.njsproj", "{A7056EB8-7A4D-4E8D-B1FF-7B10578C74EC}"
EndProject
Global
	GlobalSection(SolutionConfigurationPlatforms) = preSolution
		Debug|Any CPU = Debug|Any CPU
		Release|Any CPU = Release|Any CPU
	EndGlobalSection
	GlobalSection(ProjectConfigurationPlatforms) = postSolution
		{93A99353-34B5-47FA-87C9-63D274E18909}.Debug|Any CPU.ActiveCfg = Debug|Any CPU
		{93A99353-34B5-47FA-87C9-63D274E18909}.Debug|Any CPU.Build.0 = Debug|Any CPU
		{93A99353-34B5-47FA-87C9-63D274E18909}.Release|Any CPU.ActiveCfg = Release|Any CPU
		{93A99353-34B5-47FA-87C9-63D274E18909}.Release|Any CPU.Build.0 = Release|Any CPU
		{5EB568AA-EC9C-4630-BF5A-1BD0CA06294C}.Debug|Any CPU.ActiveCfg = Debug|Any CPU
		{5EB568AA-EC9C-4630-BF5A-1BD0CA06294C}.Debug|Any CPU.Build.0 = Debug|Any CPU
		{5EB568AA-EC9C-4630-BF5A-1BD0CA06294C}.Release|Any CPU.ActiveCfg = Release|Any CPU
		{5EB568AA-EC9C-4630-BF5A-1BD0CA06294C}.Release|Any CPU.Build.0 = Release|Any CPU
		{1AC923EE-DC27-4344-B26C-FB6504EF667D}.Debug|Any CPU.ActiveCfg = Debug|Any CPU
		{1AC923EE-DC27-4344-B26C-FB6504EF667D}.Debug|Any CPU.Build.0 = Debug|Any CPU
		{1AC923EE-DC27-4344-B26C-FB6504EF667D}.Release|Any CPU.ActiveCfg = Release|Any CPU
		{1AC923EE-DC27-4344-B26C-FB6504EF667D}.Release|Any CPU.Build.0 = Release|Any CPU
		{9094601C-FF48-417F-95BB-697CC7D27CA2}.Debug|Any CPU.ActiveCfg = Debug|Any CPU
		{9094601C-FF48-417F-95BB-697CC7D27CA2}.Debug|Any CPU.Build.0 = Debug|Any CPU
		{9094601C-FF48-417F-95BB-697CC7D27CA2}.Release|Any CPU.ActiveCfg = Release|Any CPU
		{9094601C-FF48-417F-95BB-697CC7D27CA2}.Release|Any CPU.Build.0 = Release|Any CPU
		{A7056EB8-7A4D-4E8D-B1FF-7B10578C74EC}.Debug|Any CPU.ActiveCfg = Debug|Any CPU
		{A7056EB8-7A4D-4E8D-B1FF-7B10578C74EC}.Debug|Any CPU.Build.0 = Debug|Any CPU
		{A7056EB8-7A4D-4E8D-B1FF-7B10578C74EC}.Release|Any CPU.ActiveCfg = Release|Any CPU
		{A7056EB8-7A4D-4E8D-B1FF-7B10578C74EC}.Release|Any CPU.Build.0 = Release|Any CPU
	EndGlobalSection
	GlobalSection(SolutionProperties) = preSolution
		HideSolutionNode = FALSE
	EndGlobalSection
EndGlobal
